
Microsoft Visual Studio Solution File, Format Version 12.00
# Visual Studio Version 18
VisualStudioVersion = 18.5.11723.231
MinimumVisualStudioVersion = 10.0.40219.1
Project("{FAE04EC0-301F-11D3-BF4B-00C04F79EFBC}") = "pharaohsLegacy", "pharaohsLegacy\pharaohsLegacy.csproj", "{5611B754-C9EE-433D-BDB0-6C9A9200D64E}"
EndProject
Global
	GlobalSection(SolutionConfigurationPlatforms) = preSolution
		Debug|Any CPU = Debug|Any CPU
		Release|Any CPU = Release|Any CPU
	EndGlobalSection
	GlobalSection(ProjectConfigurationPlatforms) = postSolution
		{5611B754-C9EE-433D-BDB0-6C9A9200D64E}.Debug|Any CPU.ActiveCfg = Debug|Any CPU
		{5611B754-C9EE-433D-BDB0-6C9A9200D64E}.Debug|Any CPU.Build.0 = Debug|Any CPU
		{5611B754-C9EE-433D-BDB0-6C9A9200D64E}.Release|Any CPU.ActiveCfg = Release|Any CPU
		{5611B754-C9EE-433D-BDB0-6C9A9200D64E}.Release|Any CPU.Build.0 = Release|Any CPU
	EndGlobalSection
	GlobalSection(SolutionProperties) = preSolution
		HideSolutionNode = FALSE
	EndGlobalSection
	GlobalSection(ExtensibilityGlobals) = postSolution
		SolutionGuid = {540D9318-7D05-4209-865E-059D76BDD1D5}
	EndGlobalSection
EndGlobal
